
Microsoft Visual Studio Solution File, Format Version 12.00
# Visual Studio Version 17
VisualStudioVersion = 17.0.31903.59
MinimumVisualStudioVersion = 10.0.40219.1
Project("{2150E333-8FDC-42A3-9474-1A3956D46DE8}") = "Core", "Core", "{AF87EEB6-7259-4A2A-8E56-4C5663761D40}"
EndProject
Project("{FAE04EC0-301F-11D3-BF4B-00C04F79EFBC}") = "Interfaces", "Core\Interfaces\Interfaces.csproj", "{F83CE93E-839D-47FA-BADA-CDAD8F62A036}"
EndProject
Project("{FAE04EC0-301F-11D3-BF4B-00C04F79EFBC}") = "Models", "Core\Models\Models.csproj", "{4FCE3978-A4F6-4FEB-871C-71CE827505A1}"
EndProject
Project("{2150E333-8FDC-42A3-9474-1A3956D46DE8}") = "CLI", "CLI", "{2F63427B-AC8E-43FB-8EEE-63A0651AB71B}"
EndProject
Project("{FAE04EC0-301F-11D3-BF4B-00C04F79EFBC}") = "ServerCLI", "CLI\ServerCLI\ServerCLI.csproj", "{72A53D77-910C-4020-9544-8C5438325BDC}"
EndProject
Project("{FAE04EC0-301F-11D3-BF4B-00C04F79EFBC}") = "ClientUI", "GUI\ClientUI\ClientUI.csproj", "{AF683468-8EE1-4CAF-871B-852B9F4CC057}"
EndProject
Project("{FAE04EC0-301F-11D3-BF4B-00C04F79EFBC}") = "ServerUI", "GUI\ServerUI\ServerUI.csproj", "{B00599A0-0F63-48C2-8A4D-00EC5E6A987A}"
EndProject
Project("{FAE04EC0-301F-11D3-BF4B-00C04F79EFBC}") = "ProcessController", "CLI\ProcessController\ProcessController.csproj", "{2A5D2153-FF06-42E9-BAF4-13C719C062D7}"
EndProject
Project("{2150E333-8FDC-42A3-9474-1A3956D46DE8}") = "GUI", "GUI", "{613F693D-0139-4ED0-9E7C-9572B1E0D2B4}"
EndProject
Project("{FAE04EC0-301F-11D3-BF4B-00C04F79EFBC}") = "ProcessDispatcher", "GUI\ProcessDispatcher\ProcessDispatcher.csproj", "{4E391FB7-2C68-485B-8B82-59E470A26306}"
EndProject
Project("{FAE04EC0-301F-11D3-BF4B-00C04F79EFBC}") = "EquipmentMonitor", "CLI\EquipmentMonitor\EquipmentMonitor.csproj", "{043B9A9F-07D1-4778-9BD9-0DACBDA9A4CE}"
EndProject
Project("{FAE04EC0-301F-11D3-BF4B-00C04F79EFBC}") = "ControlPanel", "GUI\ControlPanel\ControlPanel.csproj", "{761EEBDC-C6F9-4768-A96B-39950FCA2B8B}"
EndProject
Global
	GlobalSection(SolutionConfigurationPlatforms) = preSolution
		Debug|Any CPU = Debug|Any CPU
		Release|Any CPU = Release|Any CPU
	EndGlobalSection
	GlobalSection(SolutionProperties) = preSolution
		HideSolutionNode = FALSE
	EndGlobalSection
	GlobalSection(ProjectConfigurationPlatforms) = postSolution
		{F83CE93E-839D-47FA-BADA-CDAD8F62A036}.Debug|Any CPU.ActiveCfg = Debug|Any CPU
		{F83CE93E-839D-47FA-BADA-CDAD8F62A036}.Debug|Any CPU.Build.0 = Debug|Any CPU
		{F83CE93E-839D-47FA-BADA-CDAD8F62A036}.Release|Any CPU.ActiveCfg = Release|Any CPU
		{F83CE93E-839D-47FA-BADA-CDAD8F62A036}.Release|Any CPU.Build.0 = Release|Any CPU
		{4FCE3978-A4F6-4FEB-871C-71CE827505A1}.Debug|Any CPU.ActiveCfg = Debug|Any CPU
		{4FCE3978-A4F6-4FEB-871C-71CE827505A1}.Debug|Any CPU.Build.0 = Debug|Any CPU
		{4FCE3978-A4F6-4FEB-871C-71CE827505A1}.Release|Any CPU.ActiveCfg = Release|Any CPU
		{4FCE3978-A4F6-4FEB-871C-71CE827505A1}.Release|Any CPU.Build.0 = Release|Any CPU
		{72A53D77-910C-4020-9544-8C5438325BDC}.Debug|Any CPU.ActiveCfg = Debug|Any CPU
		{72A53D77-910C-4020-9544-8C5438325BDC}.Debug|Any CPU.Build.0 = Debug|Any CPU
		{72A53D77-910C-4020-9544-8C5438325BDC}.Release|Any CPU.ActiveCfg = Release|Any CPU
		{72A53D77-910C-4020-9544-8C5438325BDC}.Release|Any CPU.Build.0 = Release|Any CPU
		{AF683468-8EE1-4CAF-871B-852B9F4CC057}.Debug|Any CPU.ActiveCfg = Debug|Any CPU
		{AF683468-8EE1-4CAF-871B-852B9F4CC057}.Debug|Any CPU.Build.0 = Debug|Any CPU
		{AF683468-8EE1-4CAF-871B-852B9F4CC057}.Release|Any CPU.ActiveCfg = Release|Any CPU
		{AF683468-8EE1-4CAF-871B-852B9F4CC057}.Release|Any CPU.Build.0 = Release|Any CPU
		{B00599A0-0F63-48C2-8A4D-00EC5E6A987A}.Debug|Any CPU.ActiveCfg = Debug|Any CPU
		{B00599A0-0F63-48C2-8A4D-00EC5E6A987A}.Debug|Any CPU.Build.0 = Debug|Any CPU
		{B00599A0-0F63-48C2-8A4D-00EC5E6A987A}.Release|Any CPU.ActiveCfg = Release|Any CPU
		{B00599A0-0F63-48C2-8A4D-00EC5E6A987A}.Release|Any CPU.Build.0 = Release|Any CPU
		{2A5D2153-FF06-42E9-BAF4-13C719C062D7}.Debug|Any CPU.ActiveCfg = Debug|Any CPU
		{2A5D2153-FF06-42E9-BAF4-13C719C062D7}.Debug|Any CPU.Build.0 = Debug|Any CPU
		{2A5D2153-FF06-42E9-BAF4-13C719C062D7}.Release|Any CPU.ActiveCfg = Release|Any CPU
		{2A5D2153-FF06-42E9-BAF4-13C719C062D7}.Release|Any CPU.Build.0 = Release|Any CPU
		{4E391FB7-2C68-485B-8B82-59E470A26306}.Debug|Any CPU.ActiveCfg = Debug|Any CPU
		{4E391FB7-2C68-485B-8B82-59E470A26306}.Debug|Any CPU.Build.0 = Debug|Any CPU
		{4E391FB7-2C68-485B-8B82-59E470A26306}.Release|Any CPU.ActiveCfg = Release|Any CPU
		{4E391FB7-2C68-485B-8B82-59E470A26306}.Release|Any CPU.Build.0 = Release|Any CPU
		{043B9A9F-07D1-4778-9BD9-0DACBDA9A4CE}.Debug|Any CPU.ActiveCfg = Debug|Any CPU
		{043B9A9F-07D1-4778-9BD9-0DACBDA9A4CE}.Debug|Any CPU.Build.0 = Debug|Any CPU
		{043B9A9F-07D1-4778-9BD9-0DACBDA9A4CE}.Release|Any CPU.ActiveCfg = Release|Any CPU
		{043B9A9F-07D1-4778-9BD9-0DACBDA9A4CE}.Release|Any CPU.Build.0 = Release|Any CPU
		{761EEBDC-C6F9-4768-A96B-39950FCA2B8B}.Debug|Any CPU.ActiveCfg = Debug|Any CPU
		{761EEBDC-C6F9-4768-A96B-39950FCA2B8B}.Debug|Any CPU.Build.0 = Debug|Any CPU
		{761EEBDC-C6F9-4768-A96B-39950FCA2B8B}.Release|Any CPU.ActiveCfg = Release|Any CPU
		{761EEBDC-C6F9-4768-A96B-39950FCA2B8B}.Release|Any CPU.Build.0 = Release|Any CPU
	EndGlobalSection
	GlobalSection(NestedProjects) = preSolution
		{F83CE93E-839D-47FA-BADA-CDAD8F62A036} = {AF87EEB6-7259-4A2A-8E56-4C5663761D40}
		{4FCE3978-A4F6-4FEB-871C-71CE827505A1} = {AF87EEB6-7259-4A2A-8E56-4C5663761D40}
		{72A53D77-910C-4020-9544-8C5438325BDC} = {2F63427B-AC8E-43FB-8EEE-63A0651AB71B}
		{2A5D2153-FF06-42E9-BAF4-13C719C062D7} = {2F63427B-AC8E-43FB-8EEE-63A0651AB71B}
		{4E391FB7-2C68-485B-8B82-59E470A26306} = {613F693D-0139-4ED0-9E7C-9572B1E0D2B4}
		{043B9A9F-07D1-4778-9BD9-0DACBDA9A4CE} = {2F63427B-AC8E-43FB-8EEE-63A0651AB71B}
		{761EEBDC-C6F9-4768-A96B-39950FCA2B8B} = {613F693D-0139-4ED0-9E7C-9572B1E0D2B4}
	EndGlobalSection
EndGlobal
